
Microsoft Visual Studio Solution File, Format Version 11.00
# Visual Studio 2010
# SharpDevelop 5.1
Project("{FAE04EC0-301F-11D3-BF4B-00C04F79EFBC}") = "praktikum-module-2", "praktikum-module-2\praktikum-module-2.csproj", "{93B0BD22-3B93-43E2-9FA4-10CC99030107}"
EndProject
Global
	GlobalSection(SolutionConfigurationPlatforms) = preSolution
		Debug|Any CPU = Debug|Any CPU
		Release|Any CPU = Release|Any CPU
	EndGlobalSection
	GlobalSection(ProjectConfigurationPlatforms) = postSolution
		{93B0BD22-3B93-43E2-9FA4-10CC99030107}.Debug|Any CPU.ActiveCfg = Debug|Any CPU
		{93B0BD22-3B93-43E2-9FA4-10CC99030107}.Debug|Any CPU.Build.0 = Debug|Any CPU
		{93B0BD22-3B93-43E2-9FA4-10CC99030107}.Release|Any CPU.ActiveCfg = Release|Any CPU
		{93B0BD22-3B93-43E2-9FA4-10CC99030107}.Release|Any CPU.Build.0 = Release|Any CPU
	EndGlobalSection
EndGlobal
